
Microsoft Visual Studio Solution File, Format Version 12.00
# Visual Studio Version 17
VisualStudioVersion = 17.14.36518.9 d17.14
MinimumVisualStudioVersion = 10.0.40219.1
Project("{FAE04EC0-301F-11D3-BF4B-00C04F79EFBC}") = "LinguisticFun", "LinguisticFun\LinguisticFun.csproj", "{62433B75-DB15-41A1-AA20-EE962781ED70}"
EndProject
Project("{FAE04EC0-301F-11D3-BF4B-00C04F79EFBC}") = "Test(server)", "Test(server)\Test(server).csproj", "{BEE7EDEA-3512-4FFE-BF29-5E97EB940705}"
EndProject
Global
	GlobalSection(SolutionConfigurationPlatforms) = preSolution
		Debug|Any CPU = Debug|Any CPU
		Release|Any CPU = Release|Any CPU
	EndGlobalSection
	GlobalSection(ProjectConfigurationPlatforms) = postSolution
		{62433B75-DB15-41A1-AA20-EE962781ED70}.Debug|Any CPU.ActiveCfg = Debug|Any CPU
		{62433B75-DB15-41A1-AA20-EE962781ED70}.Debug|Any CPU.Build.0 = Debug|Any CPU
		{62433B75-DB15-41A1-AA20-EE962781ED70}.Release|Any CPU.ActiveCfg = Release|Any CPU
		{62433B75-DB15-41A1-AA20-EE962781ED70}.Release|Any CPU.Build.0 = Release|Any CPU
		{BEE7EDEA-3512-4FFE-BF29-5E97EB940705}.Debug|Any CPU.ActiveCfg = Debug|Any CPU
		{BEE7EDEA-3512-4FFE-BF29-5E97EB940705}.Debug|Any CPU.Build.0 = Debug|Any CPU
		{BEE7EDEA-3512-4FFE-BF29-5E97EB940705}.Release|Any CPU.ActiveCfg = Release|Any CPU
		{BEE7EDEA-3512-4FFE-BF29-5E97EB940705}.Release|Any CPU.Build.0 = Release|Any CPU
	EndGlobalSection
	GlobalSection(SolutionProperties) = preSolution
		HideSolutionNode = FALSE
	EndGlobalSection
	GlobalSection(ExtensibilityGlobals) = postSolution
		SolutionGuid = {5C666313-4CE8-48B3-AC58-F32D6CFC129D}
	EndGlobalSection
EndGlobal
